
Microsoft Visual Studio Solution File, Format Version 12.00
# Visual Studio Version 16
VisualStudioVersion = 16.0.31112.23
MinimumVisualStudioVersion = 10.0.40219.1
Project("{FAE04EC0-301F-11D3-BF4B-00C04F79EFBC}") = "ConsoleApp19", "ConsoleApp19\ConsoleApp19.csproj", "{63E60E28-1FE0-4FFA-8C38-762B80CD3B2A}"
EndProject
Global
	GlobalSection(SolutionConfigurationPlatforms) = preSolution
		Debug|Any CPU = Debug|Any CPU
		Release|Any CPU = Release|Any CPU
	EndGlobalSection
	GlobalSection(ProjectConfigurationPlatforms) = postSolution
		{63E60E28-1FE0-4FFA-8C38-762B80CD3B2A}.Debug|Any CPU.ActiveCfg = Debug|Any CPU
		{63E60E28-1FE0-4FFA-8C38-762B80CD3B2A}.Debug|Any CPU.Build.0 = Debug|Any CPU
		{63E60E28-1FE0-4FFA-8C38-762B80CD3B2A}.Release|Any CPU.ActiveCfg = Release|Any CPU
		{63E60E28-1FE0-4FFA-8C38-762B80CD3B2A}.Release|Any CPU.Build.0 = Release|Any CPU
	EndGlobalSection
	GlobalSection(SolutionProperties) = preSolution
		HideSolutionNode = FALSE
	EndGlobalSection
	GlobalSection(ExtensibilityGlobals) = postSolution
		SolutionGuid = {30206BE4-15EC-4C2D-813D-1B29B538EB03}
	EndGlobalSection
EndGlobal
