
Microsoft Visual Studio Solution File, Format Version 12.00
# Visual Studio Version 16
VisualStudioVersion = 16.0.31112.23
MinimumVisualStudioVersion = 10.0.40219.1
Project("{FAE04EC0-301F-11D3-BF4B-00C04F79EFBC}") = "ConsoleApp17", "ConsoleApp17\ConsoleApp17.csproj", "{6E541AAA-C6A2-460E-8CA3-9602F37B9EAC}"
EndProject
Global
	GlobalSection(SolutionConfigurationPlatforms) = preSolution
		Debug|Any CPU = Debug|Any CPU
		Release|Any CPU = Release|Any CPU
	EndGlobalSection
	GlobalSection(ProjectConfigurationPlatforms) = postSolution
		{6E541AAA-C6A2-460E-8CA3-9602F37B9EAC}.Debug|Any CPU.ActiveCfg = Debug|Any CPU
		{6E541AAA-C6A2-460E-8CA3-9602F37B9EAC}.Debug|Any CPU.Build.0 = Debug|Any CPU
		{6E541AAA-C6A2-460E-8CA3-9602F37B9EAC}.Release|Any CPU.ActiveCfg = Release|Any CPU
		{6E541AAA-C6A2-460E-8CA3-9602F37B9EAC}.Release|Any CPU.Build.0 = Release|Any CPU
	EndGlobalSection
	GlobalSection(SolutionProperties) = preSolution
		HideSolutionNode = FALSE
	EndGlobalSection
	GlobalSection(ExtensibilityGlobals) = postSolution
		SolutionGuid = {627C8C06-F810-4A89-B53F-4BB51D2F2198}
	EndGlobalSection
EndGlobal
