
Microsoft Visual Studio Solution File, Format Version 12.00
# Visual Studio Version 16
VisualStudioVersion = 16.0.31112.23
MinimumVisualStudioVersion = 10.0.40219.1
Project("{FAE04EC0-301F-11D3-BF4B-00C04F79EFBC}") = "ConsoleApp20", "ConsoleApp20\ConsoleApp20.csproj", "{8DDE4625-E399-4EE8-9CC2-9BCCD6001C3E}"
EndProject
Global
	GlobalSection(SolutionConfigurationPlatforms) = preSolution
		Debug|Any CPU = Debug|Any CPU
		Release|Any CPU = Release|Any CPU
	EndGlobalSection
	GlobalSection(ProjectConfigurationPlatforms) = postSolution
		{8DDE4625-E399-4EE8-9CC2-9BCCD6001C3E}.Debug|Any CPU.ActiveCfg = Debug|Any CPU
		{8DDE4625-E399-4EE8-9CC2-9BCCD6001C3E}.Debug|Any CPU.Build.0 = Debug|Any CPU
		{8DDE4625-E399-4EE8-9CC2-9BCCD6001C3E}.Release|Any CPU.ActiveCfg = Release|Any CPU
		{8DDE4625-E399-4EE8-9CC2-9BCCD6001C3E}.Release|Any CPU.Build.0 = Release|Any CPU
	EndGlobalSection
	GlobalSection(SolutionProperties) = preSolution
		HideSolutionNode = FALSE
	EndGlobalSection
	GlobalSection(ExtensibilityGlobals) = postSolution
		SolutionGuid = {8EEFE5E5-26D7-4C19-AB5A-9F878A3EDE8B}
	EndGlobalSection
EndGlobal
