
Microsoft Visual Studio Solution File, Format Version 12.00
# Visual Studio Version 16
VisualStudioVersion = 16.0.31112.23
MinimumVisualStudioVersion = 10.0.40219.1
Project("{FAE04EC0-301F-11D3-BF4B-00C04F79EFBC}") = "ConsoleApp14", "ConsoleApp14\ConsoleApp14.csproj", "{8F98A817-C4FC-4D09-974C-41571B7BBCD7}"
EndProject
Global
	GlobalSection(SolutionConfigurationPlatforms) = preSolution
		Debug|Any CPU = Debug|Any CPU
		Release|Any CPU = Release|Any CPU
	EndGlobalSection
	GlobalSection(ProjectConfigurationPlatforms) = postSolution
		{8F98A817-C4FC-4D09-974C-41571B7BBCD7}.Debug|Any CPU.ActiveCfg = Debug|Any CPU
		{8F98A817-C4FC-4D09-974C-41571B7BBCD7}.Debug|Any CPU.Build.0 = Debug|Any CPU
		{8F98A817-C4FC-4D09-974C-41571B7BBCD7}.Release|Any CPU.ActiveCfg = Release|Any CPU
		{8F98A817-C4FC-4D09-974C-41571B7BBCD7}.Release|Any CPU.Build.0 = Release|Any CPU
	EndGlobalSection
	GlobalSection(SolutionProperties) = preSolution
		HideSolutionNode = FALSE
	EndGlobalSection
	GlobalSection(ExtensibilityGlobals) = postSolution
		SolutionGuid = {8ED8CE2A-952E-4B84-8ECB-D8E547716CC7}
	EndGlobalSection
EndGlobal
